
Microsoft Visual Studio Solution File, Format Version 12.00
# Visual Studio Express 2013 for Windows Desktop
VisualStudioVersion = 12.0.30110.0
MinimumVisualStudioVersion = 10.0.40219.1
Project("{8BC9CEB8-8B4A-11D0-8D11-00A0C91BC942}") = "ScriptCaller", "ScriptCaller.vcxproj", "{23D04A16-D3FB-48DE-AEB8-C0331443FD6A}"
EndProject
Global
	GlobalSection(SolutionConfigurationPlatforms) = preSolution
		Debug|Win32 = Debug|Win32
		Release|Win32 = Release|Win32
	EndGlobalSection
	GlobalSection(ProjectConfigurationPlatforms) = postSolution
		{23D04A16-D3FB-48DE-AEB8-C0331443FD6A}.Debug|Win32.ActiveCfg = Debug|Win32
		{23D04A16-D3FB-48DE-AEB8-C0331443FD6A}.Debug|Win32.Build.0 = Debug|Win32
		{23D04A16-D3FB-48DE-AEB8-C0331443FD6A}.Release|Win32.ActiveCfg = Release|Win32
		{23D04A16-D3FB-48DE-AEB8-C0331443FD6A}.Release|Win32.Build.0 = Release|Win32
	EndGlobalSection
	GlobalSection(SolutionProperties) = preSolution
		HideSolutionNode = FALSE
	EndGlobalSection
EndGlobal
